
Microsoft Visual Studio Solution File, Format Version 12.00
# Visual Studio Version 17
VisualStudioVersion = 17.13.35919.96 d17.13
MinimumVisualStudioVersion = 10.0.40219.1
Project("{FAE04EC0-301F-11D3-BF4B-00C04F79EFBC}") = "01.RandomizeWords", "01.RandomizeWords\01.RandomizeWords.csproj", "{A782002B-6BB9-4C73-BB62-961724524435}"
EndProject
Project("{FAE04EC0-301F-11D3-BF4B-00C04F79EFBC}") = "02.Factorial", "02.Factorial\02.Factorial.csproj", "{C6C66358-FF7D-4094-B1F8-8A0BFDF04F77}"
EndProject
Global
	GlobalSection(SolutionConfigurationPlatforms) = preSolution
		Debug|Any CPU = Debug|Any CPU
		Release|Any CPU = Release|Any CPU
	EndGlobalSection
	GlobalSection(ProjectConfigurationPlatforms) = postSolution
		{A782002B-6BB9-4C73-BB62-961724524435}.Debug|Any CPU.ActiveCfg = Debug|Any CPU
		{A782002B-6BB9-4C73-BB62-961724524435}.Debug|Any CPU.Build.0 = Debug|Any CPU
		{A782002B-6BB9-4C73-BB62-961724524435}.Release|Any CPU.ActiveCfg = Release|Any CPU
		{A782002B-6BB9-4C73-BB62-961724524435}.Release|Any CPU.Build.0 = Release|Any CPU
		{C6C66358-FF7D-4094-B1F8-8A0BFDF04F77}.Debug|Any CPU.ActiveCfg = Debug|Any CPU
		{C6C66358-FF7D-4094-B1F8-8A0BFDF04F77}.Debug|Any CPU.Build.0 = Debug|Any CPU
		{C6C66358-FF7D-4094-B1F8-8A0BFDF04F77}.Release|Any CPU.ActiveCfg = Release|Any CPU
		{C6C66358-FF7D-4094-B1F8-8A0BFDF04F77}.Release|Any CPU.Build.0 = Release|Any CPU
	EndGlobalSection
	GlobalSection(SolutionProperties) = preSolution
		HideSolutionNode = FALSE
	EndGlobalSection
	GlobalSection(ExtensibilityGlobals) = postSolution
		SolutionGuid = {727677FE-4A9D-47AB-9408-7EA5AB823650}
	EndGlobalSection
EndGlobal
