
Microsoft Visual Studio Solution File, Format Version 12.00
# Visual Studio Version 17
VisualStudioVersion = 17.11.35327.3
MinimumVisualStudioVersion = 10.0.40219.1
Project("{9A19103F-16F7-4668-BE54-9A1E7A4F7556}") = "01.NumbersEndingIn7", "01.NumbersEndingIn7\01.NumbersEndingIn7.csproj", "{21AFBAD7-6B17-4111-ADEF-4FBCCDEF61DC}"
EndProject
Project("{9A19103F-16F7-4668-BE54-9A1E7A4F7556}") = "02.HalfSumElement", "02.HalfSumElement\02.HalfSumElement.csproj", "{437A6B50-FADF-4B42-AC67-F2BA1F12F61C}"
EndProject
Project("{9A19103F-16F7-4668-BE54-9A1E7A4F7556}") = "03.Histogram", "03.Histogram\03.Histogram.csproj", "{CA36037D-B230-4DB3-846A-33DE092E1B00}"
EndProject
Project("{FAE04EC0-301F-11D3-BF4B-00C04F79EFBC}") = "04.CleverLily", "04.CleverLily\04.CleverLily.csproj", "{ADFC2243-2044-4183-AD26-945746AF4C64}"
EndProject
Project("{FAE04EC0-301F-11D3-BF4B-00C04F79EFBC}") = "05.Salary", "05.Salary\05.Salary.csproj", "{7D183FC7-9633-4D69-8FCA-B6BB99A1DFEC}"
EndProject
Project("{FAE04EC0-301F-11D3-BF4B-00C04F79EFBC}") = "06.Oscars", "06.Oscars\06.Oscars.csproj", "{0B1D311E-5B8D-4ACB-B276-1EC969B6418A}"
EndProject
Project("{FAE04EC0-301F-11D3-BF4B-00C04F79EFBC}") = "07.TrekkingMania", "07.TrekkingMania\07.TrekkingMania.csproj", "{95D68610-CF2D-48E8-B11D-52092BF478EE}"
EndProject
Project("{FAE04EC0-301F-11D3-BF4B-00C04F79EFBC}") = "08.TennisRanklist", "08.TennisRanklist\08.TennisRanklist.csproj", "{3FA38475-5B56-4798-815A-700E10179D00}"
EndProject
Global
	GlobalSection(SolutionConfigurationPlatforms) = preSolution
		Debug|Any CPU = Debug|Any CPU
		Release|Any CPU = Release|Any CPU
	EndGlobalSection
	GlobalSection(ProjectConfigurationPlatforms) = postSolution
		{21AFBAD7-6B17-4111-ADEF-4FBCCDEF61DC}.Debug|Any CPU.ActiveCfg = Debug|Any CPU
		{21AFBAD7-6B17-4111-ADEF-4FBCCDEF61DC}.Debug|Any CPU.Build.0 = Debug|Any CPU
		{21AFBAD7-6B17-4111-ADEF-4FBCCDEF61DC}.Release|Any CPU.ActiveCfg = Release|Any CPU
		{21AFBAD7-6B17-4111-ADEF-4FBCCDEF61DC}.Release|Any CPU.Build.0 = Release|Any CPU
		{437A6B50-FADF-4B42-AC67-F2BA1F12F61C}.Debug|Any CPU.ActiveCfg = Debug|Any CPU
		{437A6B50-FADF-4B42-AC67-F2BA1F12F61C}.Debug|Any CPU.Build.0 = Debug|Any CPU
		{437A6B50-FADF-4B42-AC67-F2BA1F12F61C}.Release|Any CPU.ActiveCfg = Release|Any CPU
		{437A6B50-FADF-4B42-AC67-F2BA1F12F61C}.Release|Any CPU.Build.0 = Release|Any CPU
		{CA36037D-B230-4DB3-846A-33DE092E1B00}.Debug|Any CPU.ActiveCfg = Debug|Any CPU
		{CA36037D-B230-4DB3-846A-33DE092E1B00}.Debug|Any CPU.Build.0 = Debug|Any CPU
		{CA36037D-B230-4DB3-846A-33DE092E1B00}.Release|Any CPU.ActiveCfg = Release|Any CPU
		{CA36037D-B230-4DB3-846A-33DE092E1B00}.Release|Any CPU.Build.0 = Release|Any CPU
		{ADFC2243-2044-4183-AD26-945746AF4C64}.Debug|Any CPU.ActiveCfg = Debug|Any CPU
		{ADFC2243-2044-4183-AD26-945746AF4C64}.Debug|Any CPU.Build.0 = Debug|Any CPU
		{ADFC2243-2044-4183-AD26-945746AF4C64}.Release|Any CPU.ActiveCfg = Release|Any CPU
		{ADFC2243-2044-4183-AD26-945746AF4C64}.Release|Any CPU.Build.0 = Release|Any CPU
		{7D183FC7-9633-4D69-8FCA-B6BB99A1DFEC}.Debug|Any CPU.ActiveCfg = Debug|Any CPU
		{7D183FC7-9633-4D69-8FCA-B6BB99A1DFEC}.Debug|Any CPU.Build.0 = Debug|Any CPU
		{7D183FC7-9633-4D69-8FCA-B6BB99A1DFEC}.Release|Any CPU.ActiveCfg = Release|Any CPU
		{7D183FC7-9633-4D69-8FCA-B6BB99A1DFEC}.Release|Any CPU.Build.0 = Release|Any CPU
		{0B1D311E-5B8D-4ACB-B276-1EC969B6418A}.Debug|Any CPU.ActiveCfg = Debug|Any CPU
		{0B1D311E-5B8D-4ACB-B276-1EC969B6418A}.Debug|Any CPU.Build.0 = Debug|Any CPU
		{0B1D311E-5B8D-4ACB-B276-1EC969B6418A}.Release|Any CPU.ActiveCfg = Release|Any CPU
		{0B1D311E-5B8D-4ACB-B276-1EC969B6418A}.Release|Any CPU.Build.0 = Release|Any CPU
		{95D68610-CF2D-48E8-B11D-52092BF478EE}.Debug|Any CPU.ActiveCfg = Debug|Any CPU
		{95D68610-CF2D-48E8-B11D-52092BF478EE}.Debug|Any CPU.Build.0 = Debug|Any CPU
		{95D68610-CF2D-48E8-B11D-52092BF478EE}.Release|Any CPU.ActiveCfg = Release|Any CPU
		{95D68610-CF2D-48E8-B11D-52092BF478EE}.Release|Any CPU.Build.0 = Release|Any CPU
		{3FA38475-5B56-4798-815A-700E10179D00}.Debug|Any CPU.ActiveCfg = Debug|Any CPU
		{3FA38475-5B56-4798-815A-700E10179D00}.Debug|Any CPU.Build.0 = Debug|Any CPU
		{3FA38475-5B56-4798-815A-700E10179D00}.Release|Any CPU.ActiveCfg = Release|Any CPU
		{3FA38475-5B56-4798-815A-700E10179D00}.Release|Any CPU.Build.0 = Release|Any CPU
	EndGlobalSection
	GlobalSection(SolutionProperties) = preSolution
		HideSolutionNode = FALSE
	EndGlobalSection
	GlobalSection(ExtensibilityGlobals) = postSolution
		SolutionGuid = {782AD496-6FFA-499D-B205-41E6980ADA36}
	EndGlobalSection
EndGlobal
